[[package]]
category = "main"
description = "Async http client/server framework (asyncio)"
name = "aiohttp"
optional = false
python-versions = ">=3.5.3"
version = "3.6.2"

[package.dependencies]
async-timeout = ">=3.0,<4.0"
attrs = ">=17.3.0"
chardet = ">=2.0,<4.0"
multidict = ">=4.5,<5.0"
yarl = ">=1.0,<2.0"

[package.extras]
speedups = ["aiodns", "brotlipy", "cchardet"]

[[package]]
category = "main"
description = "A database migration tool for SQLAlchemy."
name = "alembic"
optional = false
python-versions = ">=2.7, !=3.0.*, !=3.1.*, !=3.2.*, !=3.3.*"
version = "1.4.2"

[package.dependencies]
Mako = "*"
SQLAlchemy = ">=1.1.0"
python-dateutil = "*"
python-editor = ">=0.3"

[[package]]
category = "main"
description = "Timeout context manager for asyncio programs"
name = "async-timeout"
optional = false
python-versions = ">=3.5.3"
version = "3.0.1"

[[package]]
category = "main"
description = "An asyncio PostgreSQL driver"
name = "asyncpg"
optional = false
python-versions = ">=3.5.0"
version = "0.21.0"

[package.extras]
dev = ["Cython (0.29.20)", "pytest (>=3.6.0)", "Sphinx (>=1.7.3,<1.8.0)", "sphinxcontrib-asyncio (>=0.2.0,<0.3.0)", "sphinx-rtd-theme (>=0.2.4,<0.3.0)", "pycodestyle (>=2.5.0,<2.6.0)", "flake8 (>=3.7.9,<3.8.0)", "uvloop (>=0.14.0,<0.15.0)"]
docs = ["Sphinx (>=1.7.3,<1.8.0)", "sphinxcontrib-asyncio (>=0.2.0,<0.3.0)", "sphinx-rtd-theme (>=0.2.4,<0.3.0)"]
test = ["pycodestyle (>=2.5.0,<2.6.0)", "flake8 (>=3.7.9,<3.8.0)", "uvloop (>=0.14.0,<0.15.0)"]

[[package]]
category = "main"
description = "Classes Without Boilerplate"
name = "attrs"
optional = false
python-versions = ">=2.7, !=3.0.*, !=3.1.*, !=3.2.*, !=3.3.*"
version = "20.1.0"

[package.extras]
dev = ["coverage (>=5.0.2)", "hypothesis", "pympler", "pytest (>=4.3.0)", "six", "zope.interface", "sphinx", "sphinx-rtd-theme", "pre-commit"]
docs = ["sphinx", "sphinx-rtd-theme", "zope.interface"]
tests = ["coverage (>=5.0.2)", "hypothesis", "pympler", "pytest (>=4.3.0)", "six", "zope.interface"]

[[package]]
category = "main"
description = "Universal encoding detector for Python 2 and 3"
name = "chardet"
optional = false
python-versions = "*"
version = "3.0.4"

[[package]]
category = "main"
description = "Colored terminal output for Python's logging module"
name = "coloredlogs"
optional = false
python-versions = ">=2.7, !=3.0.*, !=3.1.*, !=3.2.*, !=3.3.*, !=3.4.*"
version = "14.0"

[package.dependencies]
humanfriendly = ">=7.1"

[package.extras]
cron = ["capturer (>=2.4)"]

[[package]]
category = "main"
description = "a toolset to deeply merge python dictionaries."
name = "deepmerge"
optional = false
python-versions = "*"
version = "0.1.0"

[[package]]
category = "main"
description = "A Python wrapper for the Discord API"
name = "discord.py"
optional = false
python-versions = ">=3.5.3"
version = "1.4.1"

[package.dependencies]
aiohttp = ">=3.6.0,<3.7.0"

[package.extras]
docs = ["sphinx (1.8.5)", "sphinxcontrib-trio (1.1.1)", "sphinxcontrib-websupport"]
voice = ["PyNaCl (1.3.0)"]

[[package]]
category = "dev"
description = "the modular source code checker: pep8 pyflakes and co"
name = "flake8"
optional = false
python-versions = "!=3.0.*,!=3.1.*,!=3.2.*,!=3.3.*,>=2.7"
version = "3.8.3"

[package.dependencies]
mccabe = ">=0.6.0,<0.7.0"
pycodestyle = ">=2.6.0a1,<2.7.0"
pyflakes = ">=2.2.0,<2.3.0"

[[package]]
category = "dev"
description = "Flake8 Type Annotation Checks"
name = "flake8-annotations"
optional = false
python-versions = ">=3.6.1,<4.0.0"
version = "2.3.0"

[package.dependencies]
flake8 = ">=3.7,<3.9"

[[package]]
category = "dev"
description = "Extension for flake8 which uses pydocstyle to check docstrings"
name = "flake8-docstrings"
optional = false
python-versions = "*"
version = "1.5.0"

[package.dependencies]
flake8 = ">=3"
pydocstyle = ">=2.1"

[[package]]
category = "dev"
description = "Flake8 and pylama plugin that checks the ordering of import statements."
name = "flake8-import-order"
optional = false
python-versions = "*"
version = "0.18.1"

[package.dependencies]
pycodestyle = "*"
setuptools = "*"

[[package]]
category = "main"
description = "GINO Is Not ORM - a Python asyncio ORM on SQLAlchemy core."
name = "gino"
optional = false
python-versions = ">=3.5,<4.0"
version = "1.0.1"

[package.dependencies]
SQLAlchemy = ">=1.2.16,<1.4"
asyncpg = ">=0.18,<1.0"

[package.extras]
aiohttp = ["gino-aiohttp (>=0.1.0,<0.2.0)"]
quart = ["gino-quart (>=0.1.0,<0.2.0)"]
sanic = ["gino-sanic (>=0.1.0,<0.2.0)"]
starlette = ["gino-starlette (>=0.1.1,<0.2.0)"]
tornado = ["gino-tornado (>=0.1.0,<0.2.0)"]

[[package]]
category = "main"
description = "Human friendly output for text interfaces using Python"
name = "humanfriendly"
optional = false
python-versions = ">=2.7, !=3.0.*, !=3.1.*, !=3.2.*, !=3.3.*, !=3.4.*"
version = "8.2"

[package.dependencies]
pyreadline = "*"

[[package]]
category = "main"
description = "Internationalized Domain Names in Applications (IDNA)"
name = "idna"
optional = false
python-versions = ">=2.7, !=3.0.*, !=3.1.*, !=3.2.*, !=3.3.*"
version = "2.10"

[[package]]
category = "main"
description = "A super-fast templating language that borrows the  best ideas from the existing templating languages."
name = "mako"
optional = false
python-versions = ">=2.7, !=3.0.*, !=3.1.*, !=3.2.*, !=3.3.*"
version = "1.1.3"

[package.dependencies]
MarkupSafe = ">=0.9.2"

[package.extras]
babel = ["babel"]
lingua = ["lingua"]

[[package]]
category = "main"
description = "Safely add untrusted strings to HTML/XML markup."
name = "markupsafe"
optional = false
python-versions = ">=2.7,!=3.0.*,!=3.1.*,!=3.2.*,!=3.3.*"
version = "1.1.1"

[[package]]
category = "dev"
description = "McCabe checker, plugin for flake8"
name = "mccabe"
optional = false
python-versions = "*"
version = "0.6.1"

[[package]]
category = "main"
description = "multidict implementation"
name = "multidict"
optional = false
python-versions = ">=3.5"
version = "4.7.6"

[[package]]
category = "main"
description = "psycopg2 - Python-PostgreSQL Database Adapter"
name = "psycopg2"
optional = false
python-versions = ">=2.7,!=3.0.*,!=3.1.*,!=3.2.*,!=3.3.*"
version = "2.8.5"

[[package]]
category = "dev"
description = "Python style guide checker"
name = "pycodestyle"
optional = false
python-versions = ">=2.7, !=3.0.*, !=3.1.*, !=3.2.*, !=3.3.*"
version = "2.6.0"

[[package]]
category = "dev"
description = "Python docstring style checker"
name = "pydocstyle"
optional = false
python-versions = ">=3.5"
version = "5.1.0"

[package.dependencies]
snowballstemmer = "*"

[[package]]
category = "dev"
description = "passive checker of Python programs"
name = "pyflakes"
optional = false
python-versions = ">=2.7, !=3.0.*, !=3.1.*, !=3.2.*, !=3.3.*"
version = "2.2.0"

[[package]]
category = "main"
description = "A python implmementation of GNU readline."
marker = "sys_platform == \"win32\""
name = "pyreadline"
optional = false
python-versions = "*"
version = "2.1"

[[package]]
category = "main"
description = "Extensions to the standard Python datetime module"
name = "python-dateutil"
optional = false
python-versions = "!=3.0.*,!=3.1.*,!=3.2.*,>=2.7"
version = "2.8.1"

[package.dependencies]
six = ">=1.5"

[[package]]
category = "main"
description = "Add .env support to your django/flask apps in development and deployments"
name = "python-dotenv"
optional = false
python-versions = "*"
version = "0.14.0"

[package.extras]
cli = ["click (>=5.0)"]

[[package]]
category = "main"
description = "Programmatically open an editor, capture the result."
name = "python-editor"
optional = false
python-versions = "*"
version = "1.0.4"

[[package]]
category = "main"
description = "Python 2 and 3 compatibility utilities"
name = "six"
optional = false
python-versions = ">=2.7, !=3.0.*, !=3.1.*, !=3.2.*"
version = "1.15.0"

[[package]]
category = "dev"
description = "This package provides 26 stemmers for 25 languages generated from Snowball algorithms."
name = "snowballstemmer"
optional = false
python-versions = "*"
version = "2.0.0"

[[package]]
category = "main"
description = "Database Abstraction Library"
name = "sqlalchemy"
optional = false
python-versions = ">=2.7, !=3.0.*, !=3.1.*, !=3.2.*, !=3.3.*"
version = "1.3.19"

[package.extras]
mssql = ["pyodbc"]
mssql_pymssql = ["pymssql"]
mssql_pyodbc = ["pyodbc"]
mysql = ["mysqlclient"]
oracle = ["cx-oracle"]
postgresql = ["psycopg2"]
postgresql_pg8000 = ["pg8000"]
postgresql_psycopg2binary = ["psycopg2-binary"]
postgresql_psycopg2cffi = ["psycopg2cffi"]
pymysql = ["pymysql"]

[[package]]
category = "main"
description = "Python Library for Tom's Obvious, Minimal Language"
name = "toml"
optional = false
python-versions = "*"
version = "0.10.1"

[[package]]
category = "main"
description = "Yet another URL library"
name = "yarl"
optional = false
python-versions = ">=3.5"
version = "1.5.1"

[package.dependencies]
idna = ">=2.0"
multidict = ">=4.0"

[metadata]
content-hash = "065234ebf99ed235d0497c5ce0ed6f4bcbea29c2b2fa7074225ed66d4d6061b1"
lock-version = "1.0"
python-versions = "^3.8"

[metadata.files]
aiohttp = [
    {file = "aiohttp-3.6.2-cp35-cp35m-macosx_10_13_x86_64.whl", hash = "sha256:1e984191d1ec186881ffaed4581092ba04f7c61582a177b187d3a2f07ed9719e"},
    {file = "aiohttp-3.6.2-cp35-cp35m-manylinux1_x86_64.whl", hash = "sha256:50aaad128e6ac62e7bf7bd1f0c0a24bc968a0c0590a726d5a955af193544bcec"},
    {file = "aiohttp-3.6.2-cp36-cp36m-macosx_10_13_x86_64.whl", hash = "sha256:65f31b622af739a802ca6fd1a3076fd0ae523f8485c52924a89561ba10c49b48"},
    {file = "aiohttp-3.6.2-cp36-cp36m-manylinux1_x86_64.whl", hash = "sha256:ae55bac364c405caa23a4f2d6cfecc6a0daada500274ffca4a9230e7129eac59"},
    {file = "aiohttp-3.6.2-cp36-cp36m-win32.whl", hash = "sha256:344c780466b73095a72c616fac5ea9c4665add7fc129f285fbdbca3cccf4612a"},
    {file = "aiohttp-3.6.2-cp36-cp36m-win_amd64.whl", hash = "sha256:4c6efd824d44ae697814a2a85604d8e992b875462c6655da161ff18fd4f29f17"},
    {file = "aiohttp-3.6.2-cp37-cp37m-macosx_10_13_x86_64.whl", hash = "sha256:2f4d1a4fdce595c947162333353d4a44952a724fba9ca3205a3df99a33d1307a"},
    {file = "aiohttp-3.6.2-cp37-cp37m-manylinux1_x86_64.whl", hash = "sha256:6206a135d072f88da3e71cc501c59d5abffa9d0bb43269a6dcd28d66bfafdbdd"},
    {file = "aiohttp-3.6.2-cp37-cp37m-win32.whl", hash = "sha256:b778ce0c909a2653741cb4b1ac7015b5c130ab9c897611df43ae6a58523cb965"},
    {file = "aiohttp-3.6.2-cp37-cp37m-win_amd64.whl", hash = "sha256:32e5f3b7e511aa850829fbe5aa32eb455e5534eaa4b1ce93231d00e2f76e5654"},
    {file = "aiohttp-3.6.2-py3-none-any.whl", hash = "sha256:460bd4237d2dbecc3b5ed57e122992f60188afe46e7319116da5eb8a9dfedba4"},
    {file = "aiohttp-3.6.2.tar.gz", hash = "sha256:259ab809ff0727d0e834ac5e8a283dc5e3e0ecc30c4d80b3cd17a4139ce1f326"},
]
alembic = [
    {file = "alembic-1.4.2.tar.gz", hash = "sha256:035ab00497217628bf5d0be82d664d8713ab13d37b630084da8e1f98facf4dbf"},
]
async-timeout = [
    {file = "async-timeout-3.0.1.tar.gz", hash = "sha256:0c3c816a028d47f659d6ff5c745cb2acf1f966da1fe5c19c77a70282b25f4c5f"},
    {file = "async_timeout-3.0.1-py3-none-any.whl", hash = "sha256:4291ca197d287d274d0b6cb5d6f8f8f82d434ed288f962539ff18cc9012f9ea3"},
]
asyncpg = [
    {file = "asyncpg-0.21.0-cp35-cp35m-macosx_10_13_x86_64.whl", hash = "sha256:09badce47a4645cfe523cc8a182bd047d5d62af0caaea77935e6a3c9e77dc364"},
    {file = "asyncpg-0.21.0-cp35-cp35m-manylinux1_i686.whl", hash = "sha256:6b7807bfedd24dd15cfb2c17c60977ce01410615ecc285268b5144a944ec97ff"},
    {file = "asyncpg-0.21.0-cp35-cp35m-manylinux1_x86_64.whl", hash = "sha256:dfd491e9865e64a3e91f1587b1d88d71dde1cfb850429253a73d4d44b98c3a0f"},
    {file = "asyncpg-0.21.0-cp35-cp35m-manylinux2014_aarch64.whl", hash = "sha256:8587e206d78e739ca83a40c9982e03b28f8904c95a54dc782da99e86cf768f73"},
    {file = "asyncpg-0.21.0-cp35-cp35m-win32.whl", hash = "sha256:b1b10916c006e5c2c0dcd5dadeb38cbf61ecd20d66c50164e82f31c22c7e329d"},
    {file = "asyncpg-0.21.0-cp35-cp35m-win_amd64.whl", hash = "sha256:22d161618b59e4b56fb2a5cc956aa9eeb336d07cae924a5b90c9aa1c2d137f15"},
    {file = "asyncpg-0.21.0-cp36-cp36m-macosx_10_13_x86_64.whl", hash = "sha256:f2d1aa890ffd1ad062a38b7ff7488764b3da4b0a24e0c83d7bbb1d1a6609df15"},
    {file = "asyncpg-0.21.0-cp36-cp36m-manylinux1_i686.whl", hash = "sha256:e7bfb9269aeb11d78d50accf1be46823683ced99209b7199e307cdf7da849522"},
    {file = "asyncpg-0.21.0-cp36-cp36m-manylinux1_x86_64.whl", hash = "sha256:68f7981f65317a5d5f497ec76919b488dbe0e838f8b924e7517a680bdca0f308"},
    {file = "asyncpg-0.21.0-cp36-cp36m-manylinux2014_aarch64.whl", hash = "sha256:a4c1feb285ec3807ecd5b54ab718a3d065bb55c93ebaf800670eadde31484be8"},
    {file = "asyncpg-0.21.0-cp36-cp36m-win32.whl", hash = "sha256:dddf4d4c5e781310a36529c3c87c1746837c2d2c7ec0f2ec4e4f06450d83c50a"},
    {file = "asyncpg-0.21.0-cp36-cp36m-win_amd64.whl", hash = "sha256:7ee29c4707eb8fb3d3a0348ac4495e06f4afaca3ee38c3bebedc9c8b239125ff"},
    {file = "asyncpg-0.21.0-cp37-cp37m-macosx_10_13_x86_64.whl", hash = "sha256:4421407b07b4e22291a226d9de0bf6f3ea8158aa1c12d83bfedbf5c22e13cd55"},
    {file = "asyncpg-0.21.0-cp37-cp37m-manylinux1_i686.whl", hash = "sha256:aa2e0cb14c01a2f58caeeca7196681b30aa22dd22c82845560b401df5e98e171"},
    {file = "asyncpg-0.21.0-cp37-cp37m-manylinux1_x86_64.whl", hash = "sha256:28584783dd0d21b2a0db3bfe54fb12f21425a4cc015e4419083ea99e6de0de9b"},
    {file = "asyncpg-0.21.0-cp37-cp37m-manylinux2014_aarch64.whl", hash = "sha256:915cebc8a7693c8a5e89804fa106678dbedcc50d0270ebab0b75f16e668bd59b"},
    {file = "asyncpg-0.21.0-cp37-cp37m-win32.whl", hash = "sha256:308b8ba32c42ea1ed84c034320678ec307296bb4faf3fbbeb9f9e20b46db99a5"},
    {file = "asyncpg-0.21.0-cp37-cp37m-win_amd64.whl", hash = "sha256:888593b6688faa7ec1c97ff7f2ca3b5a5b8abb15478fe2a13c5012b607a28737"},
    {file = "asyncpg-0.21.0-cp38-cp38-macosx_10_13_x86_64.whl", hash = "sha256:ecd5232cf64f58caac3b85103f1223fdf20e9eb43bfa053c56ef9e5dd76ab099"},
    {file = "asyncpg-0.21.0-cp38-cp38-manylinux1_i686.whl", hash = "sha256:3ade59cef35bffae6dbc6f5f3ef56e1d53c67f0a7adc3cc4c714f07568d2d717"},
    {file = "asyncpg-0.21.0-cp38-cp38-manylinux1_x86_64.whl", hash = "sha256:ea26604932719b3612541e606508d9d604211f56a65806ccf8c92c64104f4f8a"},
    {file = "asyncpg-0.21.0-cp38-cp38-manylinux2014_aarch64.whl", hash = "sha256:7e51d1a012b779e0ebf0195f80d004f65d3c60cc06f0fa1cef9d3e536262abbd"},
    {file = "asyncpg-0.21.0-cp38-cp38-win32.whl", hash = "sha256:615c7e3adb46e1f2e3aff45e4ee9401b4f24f9f7153e5530a0753369be72a5c6"},
    {file = "asyncpg-0.21.0-cp38-cp38-win_amd64.whl", hash = "sha256:823eca36108bd64a8600efe7bbf1230aa00f2defa3be42852f3b61ab40cf1226"},
    {file = "asyncpg-0.21.0.tar.gz", hash = "sha256:53cb2a0eb326f61e34ef4da2db01d87ce9c0ebe396f65a295829df334e31863f"},
]
attrs = [
    {file = "attrs-20.1.0-py2.py3-none-any.whl", hash = "sha256:2867b7b9f8326499ab5b0e2d12801fa5c98842d2cbd22b35112ae04bf85b4dff"},
    {file = "attrs-20.1.0.tar.gz", hash = "sha256:0ef97238856430dcf9228e07f316aefc17e8939fc8507e18c6501b761ef1a42a"},
]
chardet = [
    {file = "chardet-3.0.4-py2.py3-none-any.whl", hash = "sha256:fc323ffcaeaed0e0a02bf4d117757b98aed530d9ed4531e3e15460124c106691"},
    {file = "chardet-3.0.4.tar.gz", hash = "sha256:84ab92ed1c4d4f16916e05906b6b75a6c0fb5db821cc65e70cbd64a3e2a5eaae"},
]
coloredlogs = [
    {file = "coloredlogs-14.0-py2.py3-none-any.whl", hash = "sha256:346f58aad6afd48444c2468618623638dadab76e4e70d5e10822676f2d32226a"},
    {file = "coloredlogs-14.0.tar.gz", hash = "sha256:a1fab193d2053aa6c0a97608c4342d031f1f93a3d1218432c59322441d31a505"},
]
deepmerge = [
    {file = "deepmerge-0.1.0-py2.py3-none-any.whl", hash = "sha256:ae23dd76d3c0d22d33a3fd3980c92d3f0773e4affb48d9b341847d0b0a24e8f8"},
    {file = "deepmerge-0.1.0.tar.gz", hash = "sha256:3d37f739e74e8a284ee0bd683daaef88acc8438ba048545aefb87ade695a2a34"},
]
"discord.py" = [
    {file = "discord.py-1.4.1-py3-none-any.whl", hash = "sha256:98ea3096a3585c9c379209926f530808f5fcf4930928d8cfb579d2562d119570"},
    {file = "discord.py-1.4.1.tar.gz", hash = "sha256:f9decb3bfa94613d922376288617e6a6f969260923643e2897f4540c34793442"},
]
flake8 = [
    {file = "flake8-3.8.3-py2.py3-none-any.whl", hash = "sha256:15e351d19611c887e482fb960eae4d44845013cc142d42896e9862f775d8cf5c"},
    {file = "flake8-3.8.3.tar.gz", hash = "sha256:f04b9fcbac03b0a3e58c0ab3a0ecc462e023a9faf046d57794184028123aa208"},
]
flake8-annotations = [
    {file = "flake8-annotations-2.3.0.tar.gz", hash = "sha256:8d18db74a750dd97f40b483cc3ef80d07d03f687525bad8fd83365dcd3bfd414"},
    {file = "flake8_annotations-2.3.0-py3-none-any.whl", hash = "sha256:7816a5d8f65ffdf37b8e21e5b17e0fd1e492aa92638573276de066e889a22b26"},
]
flake8-docstrings = [
    {file = "flake8-docstrings-1.5.0.tar.gz", hash = "sha256:3d5a31c7ec6b7367ea6506a87ec293b94a0a46c0bce2bb4975b7f1d09b6f3717"},
    {file = "flake8_docstrings-1.5.0-py2.py3-none-any.whl", hash = "sha256:a256ba91bc52307bef1de59e2a009c3cf61c3d0952dbe035d6ff7208940c2edc"},
]
flake8-import-order = [
    {file = "flake8-import-order-0.18.1.tar.gz", hash = "sha256:a28dc39545ea4606c1ac3c24e9d05c849c6e5444a50fb7e9cdd430fc94de6e92"},
    {file = "flake8_import_order-0.18.1-py2.py3-none-any.whl", hash = "sha256:90a80e46886259b9c396b578d75c749801a41ee969a235e163cfe1be7afd2543"},
]
gino = [
    {file = "gino-1.0.1-py3-none-any.whl", hash = "sha256:56df57cfdefbaf897a7c4897c265a0e91a8cca80716fb64f7d3cf6d501fdfb3d"},
    {file = "gino-1.0.1.tar.gz", hash = "sha256:fe4189e82fe9d20c4a5f03fc775fb91c168061c5176b4c95623caeef22316150"},
]
humanfriendly = [
    {file = "humanfriendly-8.2-py2.py3-none-any.whl", hash = "sha256:e78960b31198511f45fd455534ae7645a6207d33e512d2e842c766d15d9c8080"},
    {file = "humanfriendly-8.2.tar.gz", hash = "sha256:bf52ec91244819c780341a3438d5d7b09f431d3f113a475147ac9b7b167a3d12"},
]
idna = [
    {file = "idna-2.10-py2.py3-none-any.whl", hash = "sha256:b97d804b1e9b523befed77c48dacec60e6dcb0b5391d57af6a65a312a90648c0"},
    {file = "idna-2.10.tar.gz", hash = "sha256:b307872f855b18632ce0c21c5e45be78c0ea7ae4c15c828c20788b26921eb3f6"},
]
mako = [
    {file = "Mako-1.1.3-py2.py3-none-any.whl", hash = "sha256:93729a258e4ff0747c876bd9e20df1b9758028946e976324ccd2d68245c7b6a9"},
    {file = "Mako-1.1.3.tar.gz", hash = "sha256:8195c8c1400ceb53496064314c6736719c6f25e7479cd24c77be3d9361cddc27"},
]
markupsafe = [
    {file = "MarkupSafe-1.1.1-cp27-cp27m-macosx_10_6_intel.whl", hash = "sha256:09027a7803a62ca78792ad89403b1b7a73a01c8cb65909cd876f7fcebd79b161"},
    {file = "MarkupSafe-1.1.1-cp27-cp27m-manylinux1_i686.whl", hash = "sha256:e249096428b3ae81b08327a63a485ad0878de3fb939049038579ac0ef61e17e7"},
    {file = "MarkupSafe-1.1.1-cp27-cp27m-manylinux1_x86_64.whl", hash = "sha256:500d4957e52ddc3351cabf489e79c91c17f6e0899158447047588650b5e69183"},
    {file = "MarkupSafe-1.1.1-cp27-cp27m-win32.whl", hash = "sha256:b2051432115498d3562c084a49bba65d97cf251f5a331c64a12ee7e04dacc51b"},
    {file = "MarkupSafe-1.1.1-cp27-cp27m-win_amd64.whl", hash = "sha256:98c7086708b163d425c67c7a91bad6e466bb99d797aa64f965e9d25c12111a5e"},
    {file = "MarkupSafe-1.1.1-cp27-cp27mu-manylinux1_i686.whl", hash = "sha256:cd5df75523866410809ca100dc9681e301e3c27567cf498077e8551b6d20e42f"},
    {file = "MarkupSafe-1.1.1-cp27-cp27mu-manylinux1_x86_64.whl", hash = "sha256:43a55c2930bbc139570ac2452adf3d70cdbb3cfe5912c71cdce1c2c6bbd9c5d1"},
    {file = "MarkupSafe-1.1.1-cp34-cp34m-macosx_10_6_intel.whl", hash = "sha256:1027c282dad077d0bae18be6794e6b6b8c91d58ed8a8d89a89d59693b9131db5"},
    {file = "MarkupSafe-1.1.1-cp34-cp34m-manylinux1_i686.whl", hash = "sha256:62fe6c95e3ec8a7fad637b7f3d372c15ec1caa01ab47926cfdf7a75b40e0eac1"},
    {file = "MarkupSafe-1.1.1-cp34-cp34m-manylinux1_x86_64.whl", hash = "sha256:88e5fcfb52ee7b911e8bb6d6aa2fd21fbecc674eadd44118a9cc3863f938e735"},
    {file = "MarkupSafe-1.1.1-cp34-cp34m-win32.whl", hash = "sha256:ade5e387d2ad0d7ebf59146cc00c8044acbd863725f887353a10df825fc8ae21"},
    {file = "MarkupSafe-1.1.1-cp34-cp34m-win_amd64.whl", hash = "sha256:09c4b7f37d6c648cb13f9230d847adf22f8171b1ccc4d5682398e77f40309235"},
    {file = "MarkupSafe-1.1.1-cp35-cp35m-macosx_10_6_intel.whl", hash = "sha256:79855e1c5b8da654cf486b830bd42c06e8780cea587384cf6545b7d9ac013a0b"},
    {file = "MarkupSafe-1.1.1-cp35-cp35m-manylinux1_i686.whl", hash = "sha256:c8716a48d94b06bb3b2524c2b77e055fb313aeb4ea620c8dd03a105574ba704f"},
    {file = "MarkupSafe-1.1.1-cp35-cp35m-manylinux1_x86_64.whl", hash = "sha256:7c1699dfe0cf8ff607dbdcc1e9b9af1755371f92a68f706051cc8c37d447c905"},
    {file = "MarkupSafe-1.1.1-cp35-cp35m-win32.whl", hash = "sha256:6dd73240d2af64df90aa7c4e7481e23825ea70af4b4922f8ede5b9e35f78a3b1"},
    {file = "MarkupSafe-1.1.1-cp35-cp35m-win_amd64.whl", hash = "sha256:9add70b36c5666a2ed02b43b335fe19002ee5235efd4b8a89bfcf9005bebac0d"},
    {file = "MarkupSafe-1.1.1-cp36-cp36m-macosx_10_6_intel.whl", hash = "sha256:24982cc2533820871eba85ba648cd53d8623687ff11cbb805be4ff7b4c971aff"},
    {file = "MarkupSafe-1.1.1-cp36-cp36m-manylinux1_i686.whl", hash = "sha256:00bc623926325b26bb9605ae9eae8a215691f33cae5df11ca5424f06f2d1f473"},
    {file = "MarkupSafe-1.1.1-cp36-cp36m-manylinux1_x86_64.whl", hash = "sha256:717ba8fe3ae9cc0006d7c451f0bb265ee07739daf76355d06366154ee68d221e"},
    {file = "MarkupSafe-1.1.1-cp36-cp36m-win32.whl", hash = "sha256:535f6fc4d397c1563d08b88e485c3496cf5784e927af890fb3c3aac7f933ec66"},
    {file = "MarkupSafe-1.1.1-cp36-cp36m-win_amd64.whl", hash = "sha256:b1282f8c00509d99fef04d8ba936b156d419be841854fe901d8ae224c59f0be5"},
    {file = "MarkupSafe-1.1.1-cp37-cp37m-macosx_10_6_intel.whl", hash = "sha256:8defac2f2ccd6805ebf65f5eeb132adcf2ab57aa11fdf4c0dd5169a004710e7d"},
    {file = "MarkupSafe-1.1.1-cp37-cp37m-manylinux1_i686.whl", hash = "sha256:46c99d2de99945ec5cb54f23c8cd5689f6d7177305ebff350a58ce5f8de1669e"},
    {file = "MarkupSafe-1.1.1-cp37-cp37m-manylinux1_x86_64.whl", hash = "sha256:ba59edeaa2fc6114428f1637ffff42da1e311e29382d81b339c1817d37ec93c6"},
    {file = "MarkupSafe-1.1.1-cp37-cp37m-win32.whl", hash = "sha256:b00c1de48212e4cc9603895652c5c410df699856a2853135b3967591e4beebc2"},
    {file = "MarkupSafe-1.1.1-cp37-cp37m-win_amd64.whl", hash = "sha256:9bf40443012702a1d2070043cb6291650a0841ece432556f784f004937f0f32c"},
    {file = "MarkupSafe-1.1.1-cp38-cp38-macosx_10_9_x86_64.whl", hash = "sha256:6788b695d50a51edb699cb55e35487e430fa21f1ed838122d722e0ff0ac5ba15"},
    {file = "MarkupSafe-1.1.1-cp38-cp38-manylinux1_i686.whl", hash = "sha256:cdb132fc825c38e1aeec2c8aa9338310d29d337bebbd7baa06889d09a60a1fa2"},
    {file = "MarkupSafe-1.1.1-cp38-cp38-manylinux1_x86_64.whl", hash = "sha256:13d3144e1e340870b25e7b10b98d779608c02016d5184cfb9927a9f10c689f42"},
    {file = "MarkupSafe-1.1.1-cp38-cp38-win32.whl", hash = "sha256:596510de112c685489095da617b5bcbbac7dd6384aeebeda4df6025d0256a81b"},
    {file = "MarkupSafe-1.1.1-cp38-cp38-win_amd64.whl", hash = "sha256:e8313f01ba26fbbe36c7be1966a7b7424942f670f38e666995b88d012765b9be"},
    {file = "MarkupSafe-1.1.1.tar.gz", hash = "sha256:29872e92839765e546828bb7754a68c418d927cd064fd4708fab9fe9c8bb116b"},
]
mccabe = [
    {file = "mccabe-0.6.1-py2.py3-none-any.whl", hash = "sha256:ab8a6258860da4b6677da4bd2fe5dc2c659cff31b3ee4f7f5d64e79735b80d42"},
    {file = "mccabe-0.6.1.tar.gz", hash = "sha256:dd8d182285a0fe56bace7f45b5e7d1a6ebcbf524e8f3bd87eb0f125271b8831f"},
]
multidict = [
    {file = "multidict-4.7.6-cp35-cp35m-macosx_10_14_x86_64.whl", hash = "sha256:275ca32383bc5d1894b6975bb4ca6a7ff16ab76fa622967625baeebcf8079000"},
    {file = "multidict-4.7.6-cp35-cp35m-manylinux1_x86_64.whl", hash = "sha256:1ece5a3369835c20ed57adadc663400b5525904e53bae59ec854a5d36b39b21a"},
    {file = "multidict-4.7.6-cp35-cp35m-win32.whl", hash = "sha256:5141c13374e6b25fe6bf092052ab55c0c03d21bd66c94a0e3ae371d3e4d865a5"},
    {file = "multidict-4.7.6-cp35-cp35m-win_amd64.whl", hash = "sha256:9456e90649005ad40558f4cf51dbb842e32807df75146c6d940b6f5abb4a78f3"},
    {file = "multidict-4.7.6-cp36-cp36m-macosx_10_14_x86_64.whl", hash = "sha256:e0d072ae0f2a179c375f67e3da300b47e1a83293c554450b29c900e50afaae87"},
    {file = "multidict-4.7.6-cp36-cp36m-manylinux1_x86_64.whl", hash = "sha256:3750f2205b800aac4bb03b5ae48025a64e474d2c6cc79547988ba1d4122a09e2"},
    {file = "multidict-4.7.6-cp36-cp36m-win32.whl", hash = "sha256:f07acae137b71af3bb548bd8da720956a3bc9f9a0b87733e0899226a2317aeb7"},
    {file = "multidict-4.7.6-cp36-cp36m-win_amd64.whl", hash = "sha256:6513728873f4326999429a8b00fc7ceddb2509b01d5fd3f3be7881a257b8d463"},
    {file = "multidict-4.7.6-cp37-cp37m-macosx_10_14_x86_64.whl", hash = "sha256:feed85993dbdb1dbc29102f50bca65bdc68f2c0c8d352468c25b54874f23c39d"},
    {file = "multidict-4.7.6-cp37-cp37m-manylinux1_x86_64.whl", hash = "sha256:fcfbb44c59af3f8ea984de67ec7c306f618a3ec771c2843804069917a8f2e255"},
    {file = "multidict-4.7.6-cp37-cp37m-win32.whl", hash = "sha256:4538273208e7294b2659b1602490f4ed3ab1c8cf9dbdd817e0e9db8e64be2507"},
    {file = "multidict-4.7.6-cp37-cp37m-win_amd64.whl", hash = "sha256:d14842362ed4cf63751648e7672f7174c9818459d169231d03c56e84daf90b7c"},
    {file = "multidict-4.7.6-cp38-cp38-macosx_10_14_x86_64.whl", hash = "sha256:c026fe9a05130e44157b98fea3ab12969e5b60691a276150db9eda71710cd10b"},
    {file = "multidict-4.7.6-cp38-cp38-manylinux1_x86_64.whl", hash = "sha256:51a4d210404ac61d32dada00a50ea7ba412e6ea945bbe992e4d7a595276d2ec7"},
    {file = "multidict-4.7.6-cp38-cp38-win32.whl", hash = "sha256:5cf311a0f5ef80fe73e4f4c0f0998ec08f954a6ec72b746f3c179e37de1d210d"},
    {file = "multidict-4.7.6-cp38-cp38-win_amd64.whl", hash = "sha256:7388d2ef3c55a8ba80da62ecfafa06a1c097c18032a501ffd4cabbc52d7f2b19"},
    {file = "multidict-4.7.6.tar.gz", hash = "sha256:fbb77a75e529021e7c4a8d4e823d88ef4d23674a202be4f5addffc72cbb91430"},
]
psycopg2 = [
    {file = "psycopg2-2.8.5-cp27-cp27m-win32.whl", hash = "sha256:a0984ff49e176062fcdc8a5a2a670c9bb1704a2f69548bce8f8a7bad41c661bf"},
    {file = "psycopg2-2.8.5-cp27-cp27m-win_amd64.whl", hash = "sha256:acf56d564e443e3dea152efe972b1434058244298a94348fc518d6dd6a9fb0bb"},
    {file = "psycopg2-2.8.5-cp34-cp34m-win32.whl", hash = "sha256:440a3ea2c955e89321a138eb7582aa1d22fe286c7d65e26a2c5411af0a88ae72"},
    {file = "psycopg2-2.8.5-cp34-cp34m-win_amd64.whl", hash = "sha256:6b306dae53ec7f4f67a10942cf8ac85de930ea90e9903e2df4001f69b7833f7e"},
    {file = "psycopg2-2.8.5-cp35-cp35m-win32.whl", hash = "sha256:d3b29d717d39d3580efd760a9a46a7418408acebbb784717c90d708c9ed5f055"},
    {file = "psycopg2-2.8.5-cp35-cp35m-win_amd64.whl", hash = "sha256:6a471d4d2a6f14c97a882e8d3124869bc623f3df6177eefe02994ea41fd45b52"},
    {file = "psycopg2-2.8.5-cp36-cp36m-win32.whl", hash = "sha256:27c633f2d5db0fc27b51f1b08f410715b59fa3802987aec91aeb8f562724e95c"},
    {file = "psycopg2-2.8.5-cp36-cp36m-win_amd64.whl", hash = "sha256:2df2bf1b87305bd95eb3ac666ee1f00a9c83d10927b8144e8e39644218f4cf81"},
    {file = "psycopg2-2.8.5-cp37-cp37m-win32.whl", hash = "sha256:ac5b23d0199c012ad91ed1bbb971b7666da651c6371529b1be8cbe2a7bf3c3a9"},
    {file = "psycopg2-2.8.5-cp37-cp37m-win_amd64.whl", hash = "sha256:2c0afb40cfb4d53487ee2ebe128649028c9a78d2476d14a67781e45dc287f080"},
    {file = "psycopg2-2.8.5-cp38-cp38-win32.whl", hash = "sha256:2327bf42c1744a434ed8ed0bbaa9168cac7ee5a22a9001f6fc85c33b8a4a14b7"},
    {file = "psycopg2-2.8.5-cp38-cp38-win_amd64.whl", hash = "sha256:132efc7ee46a763e68a815f4d26223d9c679953cd190f1f218187cb60decf535"},
    {file = "psycopg2-2.8.5.tar.gz", hash = "sha256:f7d46240f7a1ae1dd95aab38bd74f7428d46531f69219954266d669da60c0818"},
]
pycodestyle = [
    {file = "pycodestyle-2.6.0-py2.py3-none-any.whl", hash = "sha256:2295e7b2f6b5bd100585ebcb1f616591b652db8a741695b3d8f5d28bdc934367"},
    {file = "pycodestyle-2.6.0.tar.gz", hash = "sha256:c58a7d2815e0e8d7972bf1803331fb0152f867bd89adf8a01dfd55085434192e"},
]
pydocstyle = [
    {file = "pydocstyle-5.1.0-py3-none-any.whl", hash = "sha256:08374b9d4d2b7164bae50b71bb24eb0d74a56b309029d5d502264092fa7db0c3"},
]
pyflakes = [
    {file = "pyflakes-2.2.0-py2.py3-none-any.whl", hash = "sha256:0d94e0e05a19e57a99444b6ddcf9a6eb2e5c68d3ca1e98e90707af8152c90a92"},
    {file = "pyflakes-2.2.0.tar.gz", hash = "sha256:35b2d75ee967ea93b55750aa9edbbf72813e06a66ba54438df2cfac9e3c27fc8"},
]
pyreadline = [
    {file = "pyreadline-2.1.win-amd64.exe", hash = "sha256:9ce5fa65b8992dfa373bddc5b6e0864ead8f291c94fbfec05fbd5c836162e67b"},
    {file = "pyreadline-2.1.win32.exe", hash = "sha256:65540c21bfe14405a3a77e4c085ecfce88724743a4ead47c66b84defcf82c32e"},
    {file = "pyreadline-2.1.zip", hash = "sha256:4530592fc2e85b25b1a9f79664433da09237c1a270e4d78ea5aa3a2c7229e2d1"},
]
python-dateutil = [
    {file = "python-dateutil-2.8.1.tar.gz", hash = "sha256:73ebfe9dbf22e832286dafa60473e4cd239f8592f699aa5adaf10050e6e1823c"},
    {file = "python_dateutil-2.8.1-py2.py3-none-any.whl", hash = "sha256:75bb3f31ea686f1197762692a9ee6a7550b59fc6ca3a1f4b5d7e32fb98e2da2a"},
]
python-dotenv = [
    {file = "python-dotenv-0.14.0.tar.gz", hash = "sha256:8c10c99a1b25d9a68058a1ad6f90381a62ba68230ca93966882a4dbc3bc9c33d"},
    {file = "python_dotenv-0.14.0-py2.py3-none-any.whl", hash = "sha256:c10863aee750ad720f4f43436565e4c1698798d763b63234fb5021b6c616e423"},
]
python-editor = [
    {file = "python-editor-1.0.4.tar.gz", hash = "sha256:51fda6bcc5ddbbb7063b2af7509e43bd84bfc32a4ff71349ec7847713882327b"},
    {file = "python_editor-1.0.4-py2-none-any.whl", hash = "sha256:5f98b069316ea1c2ed3f67e7f5df6c0d8f10b689964a4a811ff64f0106819ec8"},
    {file = "python_editor-1.0.4-py2.7.egg", hash = "sha256:ea87e17f6ec459e780e4221f295411462e0d0810858e055fc514684350a2f522"},
    {file = "python_editor-1.0.4-py3-none-any.whl", hash = "sha256:1bf6e860a8ad52a14c3ee1252d5dc25b2030618ed80c022598f00176adc8367d"},
    {file = "python_editor-1.0.4-py3.5.egg", hash = "sha256:c3da2053dbab6b29c94e43c486ff67206eafbe7eb52dbec7390b5e2fb05aac77"},
]
six = [
    {file = "six-1.15.0-py2.py3-none-any.whl", hash = "sha256:8b74bedcbbbaca38ff6d7491d76f2b06b3592611af620f8426e82dddb04a5ced"},
    {file = "six-1.15.0.tar.gz", hash = "sha256:30639c035cdb23534cd4aa2dd52c3bf48f06e5f4a941509c8bafd8ce11080259"},
]
snowballstemmer = [
    {file = "snowballstemmer-2.0.0-py2.py3-none-any.whl", hash = "sha256:209f257d7533fdb3cb73bdbd24f436239ca3b2fa67d56f6ff88e86be08cc5ef0"},
    {file = "snowballstemmer-2.0.0.tar.gz", hash = "sha256:df3bac3df4c2c01363f3dd2cfa78cce2840a79b9f1c2d2de9ce8d31683992f52"},
]
sqlalchemy = [
    {file = "SQLAlchemy-1.3.19-cp27-cp27m-macosx_10_14_x86_64.whl", hash = "sha256:f2e8a9c0c8813a468aa659a01af6592f71cd30237ec27c4cc0683f089f90dcfc"},
    {file = "SQLAlchemy-1.3.19-cp27-cp27m-manylinux1_x86_64.whl", hash = "sha256:33d29ae8f1dc7c75b191bb6833f55a19c932514b9b5ce8c3ab9bc3047da5db36"},
    {file = "SQLAlchemy-1.3.19-cp27-cp27m-manylinux2010_x86_64.whl", hash = "sha256:3292a28344922415f939ee7f4fc0c186f3d5a0bf02192ceabd4f1129d71b08de"},
    {file = "SQLAlchemy-1.3.19-cp27-cp27m-win32.whl", hash = "sha256:883c9fb62cebd1e7126dd683222b3b919657590c3e2db33bdc50ebbad53e0338"},
    {file = "SQLAlchemy-1.3.19-cp27-cp27m-win_amd64.whl", hash = "sha256:860d0fe234922fd5552b7f807fbb039e3e7ca58c18c8d38aa0d0a95ddf4f6c23"},
    {file = "SQLAlchemy-1.3.19-cp27-cp27mu-manylinux1_x86_64.whl", hash = "sha256:73a40d4fcd35fdedce07b5885905753d5d4edf413fbe53544dd871f27d48bd4f"},
    {file = "SQLAlchemy-1.3.19-cp27-cp27mu-manylinux2010_x86_64.whl", hash = "sha256:5a49e8473b1ab1228302ed27365ea0fadd4bf44bc0f9e73fe38e10fdd3d6b4fc"},
    {file = "SQLAlchemy-1.3.19-cp35-cp35m-macosx_10_14_x86_64.whl", hash = "sha256:6547b27698b5b3bbfc5210233bd9523de849b2bb8a0329cd754c9308fc8a05ce"},
    {file = "SQLAlchemy-1.3.19-cp35-cp35m-manylinux1_x86_64.whl", hash = "sha256:107d4af989831d7b091e382d192955679ec07a9209996bf8090f1f539ffc5804"},
    {file = "SQLAlchemy-1.3.19-cp35-cp35m-manylinux2010_x86_64.whl", hash = "sha256:eb1d71643e4154398b02e88a42fc8b29db8c44ce4134cf0f4474bfc5cb5d4dac"},
    {file = "SQLAlchemy-1.3.19-cp35-cp35m-manylinux2014_aarch64.whl", hash = "sha256:b6ff91356354b7ff3bd208adcf875056d3d886ed7cef90c571aef2ab8a554b12"},
    {file = "SQLAlchemy-1.3.19-cp35-cp35m-win32.whl", hash = "sha256:96f51489ac187f4bab588cf51f9ff2d40b6d170ac9a4270ffaed535c8404256b"},
    {file = "SQLAlchemy-1.3.19-cp35-cp35m-win_amd64.whl", hash = "sha256:618db68745682f64cedc96ca93707805d1f3a031747b5a0d8e150cfd5055ae4d"},
    {file = "SQLAlchemy-1.3.19-cp36-cp36m-macosx_10_14_x86_64.whl", hash = "sha256:6557af9e0d23f46b8cd56f8af08eaac72d2e3c632ac8d5cf4e20215a8dca7cea"},
    {file = "SQLAlchemy-1.3.19-cp36-cp36m-manylinux1_x86_64.whl", hash = "sha256:8280f9dae4adb5889ce0bb3ec6a541bf05434db5f9ab7673078c00713d148365"},
    {file = "SQLAlchemy-1.3.19-cp36-cp36m-manylinux2010_x86_64.whl", hash = "sha256:b595e71c51657f9ee3235db8b53d0b57c09eee74dfb5b77edff0e46d2218dc02"},
    {file = "SQLAlchemy-1.3.19-cp36-cp36m-manylinux2014_aarch64.whl", hash = "sha256:51064ee7938526bab92acd049d41a1dc797422256086b39c08bafeffb9d304c6"},
    {file = "SQLAlchemy-1.3.19-cp36-cp36m-win32.whl", hash = "sha256:8afcb6f4064d234a43fea108859942d9795c4060ed0fbd9082b0f280181a15c1"},
    {file = "SQLAlchemy-1.3.19-cp36-cp36m-win_amd64.whl", hash = "sha256:e49947d583fe4d29af528677e4f0aa21f5e535ca2ae69c48270ebebd0d8843c0"},
    {file = "SQLAlchemy-1.3.19-cp37-cp37m-macosx_10_14_x86_64.whl", hash = "sha256:9e865835e36dfbb1873b65e722ea627c096c11b05f796831e3a9b542926e979e"},
    {file = "SQLAlchemy-1.3.19-cp37-cp37m-manylinux1_x86_64.whl", hash = "sha256:276936d41111a501cf4a1a0543e25449108d87e9f8c94714f7660eaea89ae5fe"},
    {file = "SQLAlchemy-1.3.19-cp37-cp37m-manylinux2010_x86_64.whl", hash = "sha256:c7adb1f69a80573698c2def5ead584138ca00fff4ad9785a4b0b2bf927ba308d"},
    {file = "SQLAlchemy-1.3.19-cp37-cp37m-manylinux2014_aarch64.whl", hash = "sha256:465c999ef30b1c7525f81330184121521418a67189053bcf585824d833c05b66"},
    {file = "SQLAlchemy-1.3.19-cp37-cp37m-win32.whl", hash = "sha256:aa0554495fe06172b550098909be8db79b5accdf6ffb59611900bea345df5eba"},
    {file = "SQLAlchemy-1.3.19-cp37-cp37m-win_amd64.whl", hash = "sha256:15c0bcd3c14f4086701c33a9e87e2c7ceb3bcb4a246cd88ec54a49cf2a5bd1a6"},
    {file = "SQLAlchemy-1.3.19-cp38-cp38-macosx_10_14_x86_64.whl", hash = "sha256:fe7fe11019fc3e6600819775a7d55abc5446dda07e9795f5954fdbf8a49e1c37"},
    {file = "SQLAlchemy-1.3.19-cp38-cp38-manylinux1_x86_64.whl", hash = "sha256:c898b3ebcc9eae7b36bd0b4bbbafce2d8076680f6868bcbacee2d39a7a9726a7"},
    {file = "SQLAlchemy-1.3.19-cp38-cp38-manylinux2010_x86_64.whl", hash = "sha256:072766c3bd09294d716b2d114d46ffc5ccf8ea0b714a4e1c48253014b771c6bb"},
    {file = "SQLAlchemy-1.3.19-cp38-cp38-manylinux2014_aarch64.whl", hash = "sha256:26c5ca9d09f0e21b8671a32f7d83caad5be1f6ff45eef5ec2f6fd0db85fc5dc0"},
    {file = "SQLAlchemy-1.3.19-cp38-cp38-win32.whl", hash = "sha256:b70bad2f1a5bd3460746c3fb3ab69e4e0eb5f59d977a23f9b66e5bdc74d97b86"},
    {file = "SQLAlchemy-1.3.19-cp38-cp38-win_amd64.whl", hash = "sha256:83469ad15262402b0e0974e612546bc0b05f379b5aa9072ebf66d0f8fef16bea"},
    {file = "SQLAlchemy-1.3.19.tar.gz", hash = "sha256:3bba2e9fbedb0511769780fe1d63007081008c5c2d7d715e91858c94dbaa260e"},
]
toml = [
    {file = "toml-0.10.1-py2.py3-none-any.whl", hash = "sha256:bda89d5935c2eac546d648028b9901107a595863cb36bae0c73ac804a9b4ce88"},
    {file = "toml-0.10.1.tar.gz", hash = "sha256:926b612be1e5ce0634a2ca03470f95169cf16f939018233a670519cb4ac58b0f"},
]
yarl = [
    {file = "yarl-1.5.1-cp35-cp35m-macosx_10_14_x86_64.whl", hash = "sha256:db6db0f45d2c63ddb1a9d18d1b9b22f308e52c83638c26b422d520a815c4b3fb"},
    {file = "yarl-1.5.1-cp35-cp35m-manylinux1_x86_64.whl", hash = "sha256:17668ec6722b1b7a3a05cc0167659f6c95b436d25a36c2d52db0eca7d3f72593"},
    {file = "yarl-1.5.1-cp35-cp35m-win32.whl", hash = "sha256:040b237f58ff7d800e6e0fd89c8439b841f777dd99b4a9cca04d6935564b9409"},
    {file = "yarl-1.5.1-cp35-cp35m-win_amd64.whl", hash = "sha256:f18d68f2be6bf0e89f1521af2b1bb46e66ab0018faafa81d70f358153170a317"},
    {file = "yarl-1.5.1-cp36-cp36m-macosx_10_14_x86_64.whl", hash = "sha256:c52ce2883dc193824989a9b97a76ca86ecd1fa7955b14f87bf367a61b6232511"},
    {file = "yarl-1.5.1-cp36-cp36m-manylinux1_x86_64.whl", hash = "sha256:ce584af5de8830d8701b8979b18fcf450cef9a382b1a3c8ef189bedc408faf1e"},
    {file = "yarl-1.5.1-cp36-cp36m-win32.whl", hash = "sha256:df89642981b94e7db5596818499c4b2219028f2a528c9c37cc1de45bf2fd3a3f"},
    {file = "yarl-1.5.1-cp36-cp36m-win_amd64.whl", hash = "sha256:3a584b28086bc93c888a6c2aa5c92ed1ae20932f078c46509a66dce9ea5533f2"},
    {file = "yarl-1.5.1-cp37-cp37m-macosx_10_14_x86_64.whl", hash = "sha256:da456eeec17fa8aa4594d9a9f27c0b1060b6a75f2419fe0c00609587b2695f4a"},
    {file = "yarl-1.5.1-cp37-cp37m-manylinux1_x86_64.whl", hash = "sha256:bc2f976c0e918659f723401c4f834deb8a8e7798a71be4382e024bcc3f7e23a8"},
    {file = "yarl-1.5.1-cp37-cp37m-win32.whl", hash = "sha256:4439be27e4eee76c7632c2427ca5e73703151b22cae23e64adb243a9c2f565d8"},
    {file = "yarl-1.5.1-cp37-cp37m-win_amd64.whl", hash = "sha256:48e918b05850fffb070a496d2b5f97fc31d15d94ca33d3d08a4f86e26d4e7c5d"},
    {file = "yarl-1.5.1-cp38-cp38-macosx_10_14_x86_64.whl", hash = "sha256:9b930776c0ae0c691776f4d2891ebc5362af86f152dd0da463a6614074cb1b02"},
    {file = "yarl-1.5.1-cp38-cp38-manylinux1_x86_64.whl", hash = "sha256:b3b9ad80f8b68519cc3372a6ca85ae02cc5a8807723ac366b53c0f089db19e4a"},
    {file = "yarl-1.5.1-cp38-cp38-win32.whl", hash = "sha256:f379b7f83f23fe12823085cd6b906edc49df969eb99757f58ff382349a3303c6"},
    {file = "yarl-1.5.1-cp38-cp38-win_amd64.whl", hash = "sha256:9102b59e8337f9874638fcfc9ac3734a0cfadb100e47d55c20d0dc6087fb4692"},
    {file = "yarl-1.5.1.tar.gz", hash = "sha256:c22c75b5f394f3d47105045ea551e08a3e804dc7e01b37800ca35b58f856c3d6"},
]
